// !$*UTF8*$!
{
	archiveVersion = 1;
	classes = {
	};
	objectVersion = 51;
	objects = {

/* Begin PBXBuildFile section */
		3B0678CA25649FCB00A49499 /* MemoData.swift in Sources */ = {isa = PBXBuildFile; fileRef = 3B0678C925649FCB00A49499 /* MemoData.swift */; };
		3B0678D22564A6FB00A49499 /* MemoDetailViewController.swift in Sources */ = {isa = PBXBuildFile; fileRef = 3B0678D12564A6FB00A49499 /* MemoDetailViewController.swift */; };
		3B8BCEDD25634AF30028D9B0 /* AppDelegate.swift in Sources */ = {isa = PBXBuildFile; fileRef = 3B8BCEDC25634AF30028D9B0 /* AppDelegate.swift */; };
		3B8BCEDF25634AF30028D9B0 /* SceneDelegate.swift in Sources */ = {isa = PBXBuildFile; fileRef = 3B8BCEDE25634AF30028D9B0 /* SceneDelegate.swift */; };
		3B8BCEE125634AF30028D9B0 /* HomeViewController.swift in Sources */ = {isa = PBXBuildFile; fileRef = 3B8BCEE025634AF30028D9B0 /* HomeViewController.swift */; };
		3B8BCEE425634AF30028D9B0 /* Main.storyboard in Resources */ = {isa = PBXBuildFile; fileRef = 3B8BCEE225634AF30028D9B0 /* Main.storyboard */; };
		3B8BCEE625634AF40028D9B0 /* Assets.xcassets in Resources */ = {isa = PBXBuildFile; fileRef = 3B8BCEE525634AF40028D9B0 /* Assets.xcassets */; };
		3B8BCEE925634AF40028D9B0 /* LaunchScreen.storyboard in Resources */ = {isa = PBXBuildFile; fileRef = 3B8BCEE725634AF40028D9B0 /* LaunchScreen.storyboard */; };
		3B8BCEF425634AF40028D9B0 /* ColorMemoAppTests.swift in Sources */ = {isa = PBXBuildFile; fileRef = 3B8BCEF325634AF40028D9B0 /* ColorMemoAppTests.swift */; };
		3B8BCEFF25634AF40028D9B0 /* ColorMemoAppUITests.swift in Sources */ = {isa = PBXBuildFile; fileRef = 3B8BCEFE25634AF40028D9B0 /* ColorMemoAppUITests.swift */; };
		5170331A61433DD6BB28CBBF /* Pods_ColorMemoAppTests.framework in Frameworks */ = {isa = PBXBuildFile; fileRef = A453F3152556FD147587E722 /* Pods_ColorMemoAppTests.framework */; };
		7AC01F8E5758EEE6649E411A /* Pods_ColorMemoApp.framework in Frameworks */ = {isa = PBXBuildFile; fileRef = 519DA4C589C025E13DDD8121 /* Pods_ColorMemoApp.framework */; };
		892258CC4DBF66F4C7C47C72 /* Pods_ColorMemoApp_ColorMemoAppUITests.framework in Frameworks */ = {isa = PBXBuildFile; fileRef = 74E1E5868DB55910F08107D7 /* Pods_ColorMemoApp_ColorMemoAppUITests.framework */; };
/* End PBXBuildFile section */

/* Begin PBXContainerItemProxy section */
		3B8BCEF025634AF40028D9B0 /* PBXContainerItemProxy */ = {
			isa = PBXContainerItemProxy;
			containerPortal = 3B8BCED125634AF30028D9B0 /* Project object */;
			proxyType = 1;
			remoteGlobalIDString = 3B8BCED825634AF30028D9B0;
			remoteInfo = ColorMemoApp;
		};
		3B8BCEFB25634AF40028D9B0 /* PBXContainerItemProxy */ = {
			isa = PBXContainerItemProxy;
			containerPortal = 3B8BCED125634AF30028D9B0 /* Project object */;
			proxyType = 1;
			remoteGlobalIDString = 3B8BCED825634AF30028D9B0;
			remoteInfo = ColorMemoApp;
		};
/* End PBXContainerItemProxy section */

/* Begin PBXFileReference section */
		3B0678C925649FCB00A49499 /* MemoData.swift */ = {isa = PBXFileReference; lastKnownFileType = sourcecode.swift; path = MemoData.swift; sourceTree = "<group>"; };
		3B0678D12564A6FB00A49499 /* MemoDetailViewController.swift */ = {isa = PBXFileReference; lastKnownFileType = sourcecode.swift; path = MemoDetailViewController.swift; sourceTree = "<group>"; };
		3B8BCED925634AF30028D9B0 /* ColorMemoApp.app */ = {isa = PBXFileReference; explicitFileType = wrapper.application; includeInIndex = 0; path = ColorMemoApp.app; sourceTree = BUILT_PRODUCTS_DIR; };
		3B8BCEDC25634AF30028D9B0 /* AppDelegate.swift */ = {isa = PBXFileReference; lastKnownFileType = sourcecode.swift; path = AppDelegate.swift; sourceTree = "<group>"; };
		3B8BCEDE25634AF30028D9B0 /* SceneDelegate.swift */ = {isa = PBXFileReference; lastKnownFileType = sourcecode.swift; path = SceneDelegate.swift; sourceTree = "<group>"; };
		3B8BCEE025634AF30028D9B0 /* HomeViewController.swift */ = {isa = PBXFileReference; lastKnownFileType = sourcecode.swift; path = HomeViewController.swift; sourceTree = "<group>"; };
		3B8BCEE325634AF30028D9B0 /* Base */ = {isa = PBXFileReference; lastKnownFileType = file.storyboard; name = Base; path = Base.lproj/Main.storyboard; sourceTree = "<group>"; };
		3B8BCEE525634AF40028D9B0 /* Assets.xcassets */ = {isa = PBXFileReference; lastKnownFileType = folder.assetcatalog; path = Assets.xcassets; sourceTree = "<group>"; };
		3B8BCEE825634AF40028D9B0 /* Base */ = {isa = PBXFileReference; lastKnownFileType = file.storyboard; name = Base; path = Base.lproj/LaunchScreen.storyboard; sourceTree = "<group>"; };
		3B8BCEEA25634AF40028D9B0 /* Info.plist */ = {isa = PBXFileReference; lastKnownFileType = text.plist.xml; path = Info.plist; sourceTree = "<group>"; };
		3B8BCEEF25634AF40028D9B0 /* ColorMemoAppTests.xctest */ = {isa = PBXFileReference; explicitFileType = wrapper.cfbundle; includeInIndex = 0; path = ColorMemoAppTests.xctest; sourceTree = BUILT_PRODUCTS_DIR; };
		3B8BCEF325634AF40028D9B0 /* ColorMemoAppTests.swift */ = {isa = PBXFileReference; lastKnownFileType = sourcecode.swift; path = ColorMemoAppTests.swift; sourceTree = "<group>"; };
		3B8BCEF525634AF40028D9B0 /* Info.plist */ = {isa = PBXFileReference; lastKnownFileType = text.plist.xml; path = Info.plist; sourceTree = "<group>"; };
		3B8BCEFA25634AF40028D9B0 /* ColorMemoAppUITests.xctest */ = {isa = PBXFileReference; explicitFileType = wrapper.cfbundle; includeInIndex = 0; path = ColorMemoAppUITests.xctest; sourceTree = BUILT_PRODUCTS_DIR; };
		3B8BCEFE25634AF40028D9B0 /* ColorMemoAppUITests.swift */ = {isa = PBXFileReference; lastKnownFileType = sourcecode.swift; path = ColorMemoAppUITests.swift; sourceTree = "<group>"; };
		3B8BCF0025634AF40028D9B0 /* Info.plist */ = {isa = PBXFileReference; lastKnownFileType = text.plist.xml; path = Info.plist; sourceTree = "<group>"; };
		3BC6C4313AC4017AEB18FCBF /* Pods-ColorMemoApp.release.xcconfig */ = {isa = PBXFileReference; includeInIndex = 1; lastKnownFileType = text.xcconfig; name = "Pods-ColorMemoApp.release.xcconfig"; path = "Target Support Files/Pods-ColorMemoApp/Pods-ColorMemoApp.release.xcconfig"; sourceTree = "<group>"; };
		519DA4C589C025E13DDD8121 /* Pods_ColorMemoApp.framework */ = {isa = PBXFileReference; explicitFileType = wrapper.framework; includeInIndex = 0; path = Pods_ColorMemoApp.framework; sourceTree = BUILT_PRODUCTS_DIR; };
		5DB005018F058CC4540B2172 /* Pods-ColorMemoApp.debug.xcconfig */ = {isa = PBXFileReference; includeInIndex = 1; lastKnownFileType = text.xcconfig; name = "Pods-ColorMemoApp.debug.xcconfig"; path = "Target Support Files/Pods-ColorMemoApp/Pods-ColorMemoApp.debug.xcconfig"; sourceTree = "<group>"; };
		74E1E5868DB55910F08107D7 /* Pods_ColorMemoApp_ColorMemoAppUITests.framework */ = {isa = PBXFileReference; explicitFileType = wrapper.framework; includeInIndex = 0; path = Pods_ColorMemoApp_ColorMemoAppUITests.framework; sourceTree = BUILT_PRODUCTS_DIR; };
		7E8D17F484FD9D7EB2B45DAD /* Pods-ColorMemoAppTests.debug.xcconfig */ = {isa = PBXFileReference; includeInIndex = 1; lastKnownFileType = text.xcconfig; name = "Pods-ColorMemoAppTests.debug.xcconfig"; path = "Target Support Files/Pods-ColorMemoAppTests/Pods-ColorMemoAppTests.debug.xcconfig"; sourceTree = "<group>"; };
		9FD27D98611C1AFFF42FDE4B /* Pods-ColorMemoAppTests.release.xcconfig */ = {isa = PBXFileReference; includeInIndex = 1; lastKnownFileType = text.xcconfig; name = "Pods-ColorMemoAppTests.release.xcconfig"; path = "Target Support Files/Pods-ColorMemoAppTests/Pods-ColorMemoAppTests.release.xcconfig"; sourceTree = "<group>"; };
		A453F3152556FD147587E722 /* Pods_ColorMemoAppTests.framework */ = {isa = PBXFileReference; explicitFileType = wrapper.framework; includeInIndex = 0; path = Pods_ColorMemoAppTests.framework; sourceTree = BUILT_PRODUCTS_DIR; };
		A553B19ACE29B00AD22847C1 /* Pods-ColorMemoApp-ColorMemoAppUITests.debug.xcconfig */ = {isa = PBXFileReference; includeInIndex = 1; lastKnownFileType = text.xcconfig; name = "Pods-ColorMemoApp-ColorMemoAppUITests.debug.xcconfig"; path = "Target Support Files/Pods-ColorMemoApp-ColorMemoAppUITests/Pods-ColorMemoApp-ColorMemoAppUITests.debug.xcconfig"; sourceTree = "<group>"; };
		D9934FFFF3C83BCAAB7FF32B /* Pods-ColorMemoApp-ColorMemoAppUITests.release.xcconfig */ = {isa = PBXFileReference; includeInIndex = 1; lastKnownFileType = text.xcconfig; name = "Pods-ColorMemoApp-ColorMemoAppUITests.release.xcconfig"; path = "Target Support Files/Pods-ColorMemoApp-ColorMemoAppUITests/Pods-ColorMemoApp-ColorMemoAppUITests.release.xcconfig"; sourceTree = "<group>"; };
/* End PBXFileReference section */

/* Begin PBXFrameworksBuildPhase section */
		3B8BCED625634AF30028D9B0 /* Frameworks */ = {
			isa = PBXFrameworksBuildPhase;
			buildActionMask = 2147483647;
			files = (
				7AC01F8E5758EEE6649E411A /* Pods_ColorMemoApp.framework in Frameworks */,
			);
			runOnlyForDeploymentPostprocessing = 0;
		};
		3B8BCEEC25634AF40028D9B0 /* Frameworks */ = {
			isa = PBXFrameworksBuildPhase;
			buildActionMask = 2147483647;
			files = (
				5170331A61433DD6BB28CBBF /* Pods_ColorMemoAppTests.framework in Frameworks */,
			);
			runOnlyForDeploymentPostprocessing = 0;
		};
		3B8BCEF725634AF40028D9B0 /* Frameworks */ = {
			isa = PBXFrameworksBuildPhase;
			buildActionMask = 2147483647;
			files = (
				892258CC4DBF66F4C7C47C72 /* Pods_ColorMemoApp_ColorMemoAppUITests.framework in Frameworks */,
			);
			runOnlyForDeploymentPostprocessing = 0;
		};
/* End PBXFrameworksBuildPhase section */

/* Begin PBXGroup section */
		24D674F5B96623EF1D7633F5 /* Pods */ = {
			isa = PBXGroup;
			children = (
				5DB005018F058CC4540B2172 /* Pods-ColorMemoApp.debug.xcconfig */,
				3BC6C4313AC4017AEB18FCBF /* Pods-ColorMemoApp.release.xcconfig */,
				A553B19ACE29B00AD22847C1 /* Pods-ColorMemoApp-ColorMemoAppUITests.debug.xcconfig */,
				D9934FFFF3C83BCAAB7FF32B /* Pods-ColorMemoApp-ColorMemoAppUITests.release.xcconfig */,
				7E8D17F484FD9D7EB2B45DAD /* Pods-ColorMemoAppTests.debug.xcconfig */,
				9FD27D98611C1AFFF42FDE4B /* Pods-ColorMemoAppTests.release.xcconfig */,
			);
			path = Pods;
			sourceTree = "<group>";
		};
		2C3975C140762C851895F868 /* Frameworks */ = {
			isa = PBXGroup;
			children = (
				519DA4C589C025E13DDD8121 /* Pods_ColorMemoApp.framework */,
				74E1E5868DB55910F08107D7 /* Pods_ColorMemoApp_ColorMemoAppUITests.framework */,
				A453F3152556FD147587E722 /* Pods_ColorMemoAppTests.framework */,
			);
			name = Frameworks;
			sourceTree = "<group>";
		};
		3B8BCED025634AF30028D9B0 = {
			isa = PBXGroup;
			children = (
				3B8BCEDB25634AF30028D9B0 /* ColorMemoApp */,
				3B8BCEF225634AF40028D9B0 /* ColorMemoAppTests */,
				3B8BCEFD25634AF40028D9B0 /* ColorMemoAppUITests */,
				3B8BCEDA25634AF30028D9B0 /* Products */,
				24D674F5B96623EF1D7633F5 /* Pods */,
				2C3975C140762C851895F868 /* Frameworks */,
			);
			sourceTree = "<group>";
		};
		3B8BCEDA25634AF30028D9B0 /* Products */ = {
			isa = PBXGroup;
			children = (
				3B8BCED925634AF30028D9B0 /* ColorMemoApp.app */,
				3B8BCEEF25634AF40028D9B0 /* ColorMemoAppTests.xctest */,
				3B8BCEFA25634AF40028D9B0 /* ColorMemoAppUITests.xctest */,
			);
			name = Products;
			sourceTree = "<group>";
		};
		3B8BCEDB25634AF30028D9B0 /* ColorMemoApp */ = {
			isa = PBXGroup;
			children = (
				3B8BCEDC25634AF30028D9B0 /* AppDelegate.swift */,
				3B8BCEDE25634AF30028D9B0 /* SceneDelegate.swift */,
				3B8BCEE025634AF30028D9B0 /* HomeViewController.swift */,
				3B0678C925649FCB00A49499 /* MemoData.swift */,
				3B8BCEE225634AF30028D9B0 /* Main.storyboard */,
				3B8BCEE525634AF40028D9B0 /* Assets.xcassets */,
				3B8BCEE725634AF40028D9B0 /* LaunchScreen.storyboard */,
				3B8BCEEA25634AF40028D9B0 /* Info.plist */,
				3B0678D12564A6FB00A49499 /* MemoDetailViewController.swift */,
			);
			path = ColorMemoApp;
			sourceTree = "<group>";
		};
		3B8BCEF225634AF40028D9B0 /* ColorMemoAppTests */ = {
			isa = PBXGroup;
			children = (
				3B8BCEF325634AF40028D9B0 /* ColorMemoAppTests.swift */,
				3B8BCEF525634AF40028D9B0 /* Info.plist */,
			);
			path = ColorMemoAppTests;
			sourceTree = "<group>";
		};
		3B8BCEFD25634AF40028D9B0 /* ColorMemoAppUITests */ = {
			isa = PBXGroup;
			children = (
				3B8BCEFE25634AF40028D9B0 /* ColorMemoAppUITests.swift */,
				3B8BCF0025634AF40028D9B0 /* Info.plist */,
			);
			path = ColorMemoAppUITests;
			sourceTree = "<group>";
		};
/* End PBXGroup section */

/* Begin PBXNativeTarget section */
		3B8BCED825634AF30028D9B0 /* ColorMemoApp */ = {
			isa = PBXNativeTarget;
			buildConfigurationList = 3B8BCF0325634AF40028D9B0 /* Build configuration list for PBXNativeTarget "ColorMemoApp" */;
			buildPhases = (
				762FAED2715A7BB6F12EDFA0 /* [CP] Check Pods Manifest.lock */,
				3B8BCED525634AF30028D9B0 /* Sources */,
				3B8BCED625634AF30028D9B0 /* Frameworks */,
				3B8BCED725634AF30028D9B0 /* Resources */,
				077504B9DE2B681661896BA3 /* [CP] Embed Pods Frameworks */,
			);
			buildRules = (
			);
			dependencies = (
			);
			name = ColorMemoApp;
			productName = ColorMemoApp;
			productReference = 3B8BCED925634AF30028D9B0 /* ColorMemoApp.app */;
			productType = "com.apple.product-type.application";
		};
		3B8BCEEE25634AF40028D9B0 /* ColorMemoAppTests */ = {
			isa = PBXNativeTarget;
			buildConfigurationList = 3B8BCF0625634AF40028D9B0 /* Build configuration list for PBXNativeTarget "ColorMemoAppTests" */;
			buildPhases = (
				6FB7E5ECA648CC175C01B744 /* [CP] Check Pods Manifest.lock */,
				3B8BCEEB25634AF40028D9B0 /* Sources */,
				3B8BCEEC25634AF40028D9B0 /* Frameworks */,
				3B8BCEED25634AF40028D9B0 /* Resources */,
			);
			buildRules = (
			);
			dependencies = (
				3B8BCEF125634AF40028D9B0 /* PBXTargetDependency */,
			);
			name = ColorMemoAppTests;
			productName = ColorMemoAppTests;
			productReference = 3B8BCEEF25634AF40028D9B0 /* ColorMemoAppTests.xctest */;
			productType = "com.apple.product-type.bundle.unit-test";
		};
		3B8BCEF925634AF40028D9B0 /* ColorMemoAppUITests */ = {
			isa = PBXNativeTarget;
			buildConfigurationList = 3B8BCF0925634AF40028D9B0 /* Build configuration list for PBXNativeTarget "ColorMemoAppUITests" */;
			buildPhases = (
				99412E118864EB86D3E3976A /* [CP] Check Pods Manifest.lock */,
				3B8BCEF625634AF40028D9B0 /* Sources */,
				3B8BCEF725634AF40028D9B0 /* Frameworks */,
				3B8BCEF825634AF40028D9B0 /* Resources */,
				459E2A207163ECD883FA8A1C /* [CP] Embed Pods Frameworks */,
			);
			buildRules = (
			);
			dependencies = (
				3B8BCEFC25634AF40028D9B0 /* PBXTargetDependency */,
			);
			name = ColorMemoAppUITests;
			productName = ColorMemoAppUITests;
			productReference = 3B8BCEFA25634AF40028D9B0 /* ColorMemoAppUITests.xctest */;
			productType = "com.apple.product-type.bundle.ui-testing";
		};
/* End PBXNativeTarget section */

/* Begin PBXProject section */
		3B8BCED125634AF30028D9B0 /* Project object */ = {
			isa = PBXProject;
			attributes = {
				LastSwiftUpdateCheck = 1210;
				LastUpgradeCheck = 1210;
				TargetAttributes = {
					3B8BCED825634AF30028D9B0 = {
						CreatedOnToolsVersion = 12.1;
					};
					3B8BCEEE25634AF40028D9B0 = {
						CreatedOnToolsVersion = 12.1;
						TestTargetID = 3B8BCED825634AF30028D9B0;
					};
					3B8BCEF925634AF40028D9B0 = {
						CreatedOnToolsVersion = 12.1;
						TestTargetID = 3B8BCED825634AF30028D9B0;
					};
				};
			};
			buildConfigurationList = 3B8BCED425634AF30028D9B0 /* Build configuration list for PBXProject "ColorMemoApp" */;
			compatibilityVersion = "Xcode 9.3";
			developmentRegion = en;
			hasScannedForEncodings = 0;
			knownRegions = (
				en,
				Base,
			);
			mainGroup = 3B8BCED025634AF30028D9B0;
			productRefGroup = 3B8BCEDA25634AF30028D9B0 /* Products */;
			projectDirPath = "";
			projectRoot = "";
			targets = (
				3B8BCED825634AF30028D9B0 /* ColorMemoApp */,
				3B8BCEEE25634AF40028D9B0 /* ColorMemoAppTests */,
				3B8BCEF925634AF40028D9B0 /* ColorMemoAppUITests */,
			);
		};
/* End PBXProject section */

/* Begin PBXResourcesBuildPhase section */
		3B8BCED725634AF30028D9B0 /* Resources */ = {
			isa = PBXResourcesBuildPhase;
			buildActionMask = 2147483647;
			files = (
				3B8BCEE925634AF40028D9B0 /* LaunchScreen.storyboard in Resources */,
				3B8BCEE625634AF40028D9B0 /* Assets.xcassets in Resources */,
				3B8BCEE425634AF30028D9B0 /* Main.storyboard in Resources */,
			);
			runOnlyForDeploymentPostprocessing = 0;
		};
		3B8BCEED25634AF40028D9B0 /* Resources */ = {
			isa = PBXResourcesBuildPhase;
			buildActionMask = 2147483647;
			files = (
			);
			runOnlyForDeploymentPostprocessing = 0;
		};
		3B8BCEF825634AF40028D9B0 /* Resources */ = {
			isa = PBXResourcesBuildPhase;
			buildActionMask = 2147483647;
			files = (
			);
			runOnlyForDeploymentPostprocessing = 0;
		};
/* End PBXResourcesBuildPhase section */

/* Begin PBXShellScriptBuildPhase section */
		077504B9DE2B681661896BA3 /* [CP] Embed Pods Frameworks */ = {
			isa = PBXShellScriptBuildPhase;
			buildActionMask = 2147483647;
			files = (
			);
			inputFileListPaths = (
				"${PODS_ROOT}/Target Support Files/Pods-ColorMemoApp/Pods-ColorMemoApp-frameworks-${CONFIGURATION}-input-files.xcfilelist",
			);
			name = "[CP] Embed Pods Frameworks";
			outputFileListPaths = (
				"${PODS_ROOT}/Target Support Files/Pods-ColorMemoApp/Pods-ColorMemoApp-frameworks-${CONFIGURATION}-output-files.xcfilelist",
			);
			runOnlyForDeploymentPostprocessing = 0;
			shellPath = /bin/sh;
			shellScript = "\"${PODS_ROOT}/Target Support Files/Pods-ColorMemoApp/Pods-ColorMemoApp-frameworks.sh\"\n";
			showEnvVarsInLog = 0;
		};
		459E2A207163ECD883FA8A1C /* [CP] Embed Pods Frameworks */ = {
			isa = PBXShellScriptBuildPhase;
			buildActionMask = 2147483647;
			files = (
			);
			inputFileListPaths = (
				"${PODS_ROOT}/Target Support Files/Pods-ColorMemoApp-ColorMemoAppUITests/Pods-ColorMemoApp-ColorMemoAppUITests-frameworks-${CONFIGURATION}-input-files.xcfilelist",
			);
			name = "[CP] Embed Pods Frameworks";
			outputFileListPaths = (
				"${PODS_ROOT}/Target Support Files/Pods-ColorMemoApp-ColorMemoAppUITests/Pods-ColorMemoApp-ColorMemoAppUITests-frameworks-${CONFIGURATION}-output-files.xcfilelist",
			);
			runOnlyForDeploymentPostprocessing = 0;
			shellPath = /bin/sh;
			shellScript = "\"${PODS_ROOT}/Target Support Files/Pods-ColorMemoApp-ColorMemoAppUITests/Pods-ColorMemoApp-ColorMemoAppUITests-frameworks.sh\"\n";
			showEnvVarsInLog = 0;
		};
		6FB7E5ECA648CC175C01B744 /* [CP] Check Pods Manifest.lock */ = {
			isa = PBXShellScriptBuildPhase;
			buildActionMask = 2147483647;
			files = (
			);
			inputFileListPaths = (
			);
			inputPaths = (
				"${PODS_PODFILE_DIR_PATH}/Podfile.lock",
				"${PODS_ROOT}/Manifest.lock",
			);
			name = "[CP] Check Pods Manifest.lock";
			outputFileListPaths = (
			);
			outputPaths = (
				"$(DERIVED_FILE_DIR)/Pods-ColorMemoAppTests-checkManifestLockResult.txt",
			);
			runOnlyForDeploymentPostprocessing = 0;
			shellPath = /bin/sh;
			shellScript = "diff \"${PODS_PODFILE_DIR_PATH}/Podfile.lock\" \"${PODS_ROOT}/Manifest.lock\" > /dev/null\nif [ $? != 0 ] ; then\n    # print error to STDERR\n    echo \"error: The sandbox is not in sync with the Podfile.lock. Run 'pod install' or update your CocoaPods installation.\" >&2\n    exit 1\nfi\n# This output is used by Xcode 'outputs' to avoid re-running this script phase.\necho \"SUCCESS\" > \"${SCRIPT_OUTPUT_FILE_0}\"\n";
			showEnvVarsInLog = 0;
		};
		762FAED2715A7BB6F12EDFA0 /* [CP] Check Pods Manifest.lock */ = {
			isa = PBXShellScriptBuildPhase;
			buildActionMask = 2147483647;
			files = (
			);
			inputFileListPaths = (
			);
			inputPaths = (
				"${PODS_PODFILE_DIR_PATH}/Podfile.lock",
				"${PODS_ROOT}/Manifest.lock",
			);
			name = "[CP] Check Pods Manifest.lock";
			outputFileListPaths = (
			);
			outputPaths = (
				"$(DERIVED_FILE_DIR)/Pods-ColorMemoApp-checkManifestLockResult.txt",
			);
			runOnlyForDeploymentPostprocessing = 0;
			shellPath = /bin/sh;
			shellScript = "diff \"${PODS_PODFILE_DIR_PATH}/Podfile.lock\" \"${PODS_ROOT}/Manifest.lock\" > /dev/null\nif [ $? != 0 ] ; then\n    # print error to STDERR\n    echo \"error: The sandbox is not in sync with the Podfile.lock. Run 'pod install' or update your CocoaPods installation.\" >&2\n    exit 1\nfi\n# This output is used by Xcode 'outputs' to avoid re-running this script phase.\necho \"SUCCESS\" > \"${SCRIPT_OUTPUT_FILE_0}\"\n";
			showEnvVarsInLog = 0;
		};
		99412E118864EB86D3E3976A /* [CP] Check Pods Manifest.lock */ = {
			isa = PBXShellScriptBuildPhase;
			buildActionMask = 2147483647;
			files = (
			);
			inputFileListPaths = (
			);
			inputPaths = (
				"${PODS_PODFILE_DIR_PATH}/Podfile.lock",
				"${PODS_ROOT}/Manifest.lock",
			);
			name = "[CP] Check Pods Manifest.lock";
			outputFileListPaths = (
			);
			outputPaths = (
				"$(DERIVED_FILE_DIR)/Pods-ColorMemoApp-ColorMemoAppUITests-checkManifestLockResult.txt",
			);
			runOnlyForDeploymentPostprocessing = 0;
			shellPath = /bin/sh;
			shellScript = "diff \"${PODS_PODFILE_DIR_PATH}/Podfile.lock\" \"${PODS_ROOT}/Manifest.lock\" > /dev/null\nif [ $? != 0 ] ; then\n    # print error to STDERR\n    echo \"error: The sandbox is not in sync with the Podfile.lock. Run 'pod install' or update your CocoaPods installation.\" >&2\n    exit 1\nfi\n# This output is used by Xcode 'outputs' to avoid re-running this script phase.\necho \"SUCCESS\" > \"${SCRIPT_OUTPUT_FILE_0}\"\n";
			showEnvVarsInLog = 0;
		};
/* End PBXShellScriptBuildPhase section */

/* Begin PBXSourcesBuildPhase section */
		3B8BCED525634AF30028D9B0 /* Sources */ = {
			isa = PBXSourcesBuildPhase;
			buildActionMask = 2147483647;
			files = (
				3B0678D22564A6FB00A49499 /* MemoDetailViewController.swift in Sources */,
				3B8BCEE125634AF30028D9B0 /* HomeViewController.swift in Sources */,
				3B0678CA25649FCB00A49499 /* MemoData.swift in Sources */,
				3B8BCEDD25634AF30028D9B0 /* AppDelegate.swift in Sources */,
				3B8BCEDF25634AF30028D9B0 /* SceneDelegate.swift in Sources */,
			);
			runOnlyForDeploymentPostprocessing = 0;
		};
		3B8BCEEB25634AF40028D9B0 /* Sources */ = {
			isa = PBXSourcesBuildPhase;
			buildActionMask = 2147483647;
			files = (
				3B8BCEF425634AF40028D9B0 /* ColorMemoAppTests.swift in Sources */,
			);
			runOnlyForDeploymentPostprocessing = 0;
		};
		3B8BCEF625634AF40028D9B0 /* Sources */ = {
			isa = PBXSourcesBuildPhase;
			buildActionMask = 2147483647;
			files = (
				3B8BCEFF25634AF40028D9B0 /* ColorMemoAppUITests.swift in Sources */,
			);
			runOnlyForDeploymentPostprocessing = 0;
		};
/* End PBXSourcesBuildPhase section */

/* Begin PBXTargetDependency section */
		3B8BCEF125634AF40028D9B0 /* PBXTargetDependency */ = {
			isa = PBXTargetDependency;
			target = 3B8BCED825634AF30028D9B0 /* ColorMemoApp */;
			targetProxy = 3B8BCEF025634AF40028D9B0 /* PBXContainerItemProxy */;
		};
		3B8BCEFC25634AF40028D9B0 /* PBXTargetDependency */ = {
			isa = PBXTargetDependency;
			target = 3B8BCED825634AF30028D9B0 /* ColorMemoApp */;
			targetProxy = 3B8BCEFB25634AF40028D9B0 /* PBXContainerItemProxy */;
		};
/* End PBXTargetDependency section */

/* Begin PBXVariantGroup section */
		3B8BCEE225634AF30028D9B0 /* Main.storyboard */ = {
			isa = PBXVariantGroup;
			children = (
				3B8BCEE325634AF30028D9B0 /* Base */,
			);
			name = Main.storyboard;
			sourceTree = "<group>";
		};
		3B8BCEE725634AF40028D9B0 /* LaunchScreen.storyboard */ = {
			isa = PBXVariantGroup;
			children = (
				3B8BCEE825634AF40028D9B0 /* Base */,
			);
			name = LaunchScreen.storyboard;
			sourceTree = "<group>";
		};
/* End PBXVariantGroup section */

/* Begin XCBuildConfiguration section */
		3B8BCF0125634AF40028D9B0 /* Debug */ = {
			isa = XCBuildConfiguration;
			buildSettings = {
				ALWAYS_EMBED_SWIFT_STANDARD_LIBRARIES = "$(inherited)";
				ALWAYS_SEARCH_USER_PATHS = NO;
				CLANG_ANALYZER_NONNULL = YES;
				CLANG_ANALYZER_NUMBER_OBJECT_CONVERSION = YES_AGGRESSIVE;
				CLANG_CXX_LANGUAGE_STANDARD = "gnu++14";
				CLANG_CXX_LIBRARY = "libc++";
				CLANG_ENABLE_MODULES = YES;
				CLANG_ENABLE_OBJC_ARC = YES;
				CLANG_ENABLE_OBJC_WEAK = YES;
				CLANG_WARN_BLOCK_CAPTURE_AUTORELEASING = YES;
				CLANG_WARN_BOOL_CONVERSION = YES;
				CLANG_WARN_COMMA = YES;
				CLANG_WARN_CONSTANT_CONVERSION = YES;
				CLANG_WARN_DEPRECATED_OBJC_IMPLEMENTATIONS = YES;
				CLANG_WARN_DIRECT_OBJC_ISA_USAGE = YES_ERROR;
				CLANG_WARN_DOCUMENTATION_COMMENTS = YES;
				CLANG_WARN_EMPTY_BODY = YES;
				CLANG_WARN_ENUM_CONVERSION = YES;
				CLANG_WARN_INFINITE_RECURSION = YES;
				CLANG_WARN_INT_CONVERSION = YES;
				CLANG_WARN_NON_LITERAL_NULL_CONVERSION = YES;
				CLANG_WARN_OBJC_IMPLICIT_RETAIN_SELF = YES;
				CLANG_WARN_OBJC_LITERAL_CONVERSION = YES;
				CLANG_WARN_OBJC_ROOT_CLASS = YES_ERROR;
				CLANG_WARN_QUOTED_INCLUDE_IN_FRAMEWORK_HEADER = YES;
				CLANG_WARN_RANGE_LOOP_ANALYSIS = YES;
				CLANG_WARN_STRICT_PROTOTYPES = YES;
				CLANG_WARN_SUSPICIOUS_MOVE = YES;
				CLANG_WARN_UNGUARDED_AVAILABILITY = YES_AGGRESSIVE;
				CLANG_WARN_UNREACHABLE_CODE = YES;
				CLANG_WARN__DUPLICATE_METHOD_MATCH = YES;
				COPY_PHASE_STRIP = NO;
				DEBUG_INFORMATION_FORMAT = dwarf;
				ENABLE_STRICT_OBJC_MSGSEND = YES;
				ENABLE_TESTABILITY = YES;
				GCC_C_LANGUAGE_STANDARD = gnu11;
				GCC_DYNAMIC_NO_PIC = NO;
				GCC_NO_COMMON_BLOCKS = YES;
				GCC_OPTIMIZATION_LEVEL = 0;
				GCC_PREPROCESSOR_DEFINITIONS = (
					"DEBUG=1",
					"$(inherited)",
				);
				GCC_WARN_64_TO_32_BIT_CONVERSION = YES;
				GCC_WARN_ABOUT_RETURN_TYPE = YES_ERROR;
				GCC_WARN_UNDECLARED_SELECTOR = YES;
				GCC_WARN_UNINITIALIZED_AUTOS = YES_AGGRESSIVE;
				GCC_WARN_UNUSED_FUNCTION = YES;
				GCC_WARN_UNUSED_VARIABLE = YES;
				IPHONEOS_DEPLOYMENT_TARGET = 14.1;
				MTL_ENABLE_DEBUG_INFO = INCLUDE_SOURCE;
				MTL_FAST_MATH = YES;
				ONLY_ACTIVE_ARCH = YES;
				SDKROOT = iphoneos;
				SWIFT_ACTIVE_COMPILATION_CONDITIONS = DEBUG;
				SWIFT_OPTIMIZATION_LEVEL = "-Onone";
			};
			name = Debug;
		};
		3B8BCF0225634AF40028D9B0 /* Release */ = {
			isa = XCBuildConfiguration;
			buildSettings = {
				ALWAYS_EMBED_SWIFT_STANDARD_LIBRARIES = "$(inherited)";
				ALWAYS_SEARCH_USER_PATHS = NO;
				CLANG_ANALYZER_NONNULL = YES;
				CLANG_ANALYZER_NUMBER_OBJECT_CONVERSION = YES_AGGRESSIVE;
				CLANG_CXX_LANGUAGE_STANDARD = "gnu++14";
				CLANG_CXX_LIBRARY = "libc++";
				CLANG_ENABLE_MODULES = YES;
				CLANG_ENABLE_OBJC_ARC = YES;
				CLANG_ENABLE_OBJC_WEAK = YES;
				CLANG_WARN_BLOCK_CAPTURE_AUTORELEASING = YES;
				CLANG_WARN_BOOL_CONVERSION = YES;
				CLANG_WARN_COMMA = YES;
				CLANG_WARN_CONSTANT_CONVERSION = YES;
				CLANG_WARN_DEPRECATED_OBJC_IMPLEMENTATIONS = YES;
				CLANG_WARN_DIRECT_OBJC_ISA_USAGE = YES_ERROR;
				CLANG_WARN_DOCUMENTATION_COMMENTS = YES;
				CLANG_WARN_EMPTY_BODY = YES;
				CLANG_WARN_ENUM_CONVERSION = YES;
				CLANG_WARN_INFINITE_RECURSION = YES;
				CLANG_WARN_INT_CONVERSION = YES;
				CLANG_WARN_NON_LITERAL_NULL_CONVERSION = YES;
				CLANG_WARN_OBJC_IMPLICIT_RETAIN_SELF = YES;
				CLANG_WARN_OBJC_LITERAL_CONVERSION = YES;
				CLANG_WARN_OBJC_ROOT_CLASS = YES_ERROR;
				CLANG_WARN_QUOTED_INCLUDE_IN_FRAMEWORK_HEADER = YES;
				CLANG_WARN_RANGE_LOOP_ANALYSIS = YES;
				CLANG_WARN_STRICT_PROTOTYPES = YES;
				CLANG_WARN_SUSPICIOUS_MOVE = YES;
				CLANG_WARN_UNGUARDED_AVAILABILITY = YES_AGGRESSIVE;
				CLANG_WARN_UNREACHABLE_CODE = YES;
				CLANG_WARN__DUPLICATE_METHOD_MATCH = YES;
				COPY_PHASE_STRIP = NO;
				DEBUG_INFORMATION_FORMAT = "dwarf-with-dsym";
				ENABLE_NS_ASSERTIONS = NO;
				ENABLE_STRICT_OBJC_MSGSEND = YES;
				GCC_C_LANGUAGE_STANDARD = gnu11;
				GCC_NO_COMMON_BLOCKS = YES;
				GCC_WARN_64_TO_32_BIT_CONVERSION = YES;
				GCC_WARN_ABOUT_RETURN_TYPE = YES_ERROR;
				GCC_WARN_UNDECLARED_SELECTOR = YES;
				GCC_WARN_UNINITIALIZED_AUTOS = YES_AGGRESSIVE;
				GCC_WARN_UNUSED_FUNCTION = YES;
				GCC_WARN_UNUSED_VARIABLE = YES;
				IPHONEOS_DEPLOYMENT_TARGET = 14.1;
				MTL_ENABLE_DEBUG_INFO = NO;
				MTL_FAST_MATH = YES;
				SDKROOT = iphoneos;
				SWIFT_COMPILATION_MODE = wholemodule;
				SWIFT_OPTIMIZATION_LEVEL = "-O";
				VALIDATE_PRODUCT = YES;
			};
			name = Release;
		};
		3B8BCF0425634AF40028D9B0 /* Debug */ = {
			isa = XCBuildConfiguration;
			baseConfigurationReference = 5DB005018F058CC4540B2172 /* Pods-ColorMemoApp.debug.xcconfig */;
			buildSettings = {
				ALWAYS_EMBED_SWIFT_STANDARD_LIBRARIES = "$(inherited)";
				ASSETCATALOG_COMPILER_APPICON_NAME = AppIcon;
				ASSETCATALOG_COMPILER_GLOBAL_ACCENT_COLOR_NAME = AccentColor;
				CODE_SIGN_STYLE = Automatic;
				DEVELOPMENT_TEAM = 8JEHPP3L74;
				INFOPLIST_FILE = ColorMemoApp/Info.plist;
				LD_RUNPATH_SEARCH_PATHS = (
					"$(inherited)",
					"@executable_path/Frameworks",
				);
				PRODUCT_BUNDLE_IDENTIFIER = "com.ios-academia.ColorMemoApp";
				PRODUCT_NAME = "$(TARGET_NAME)";
				SWIFT_VERSION = 5.0;
				TARGETED_DEVICE_FAMILY = "1,2";
			};
			name = Debug;
		};
		3B8BCF0525634AF40028D9B0 /* Release */ = {
			isa = XCBuildConfiguration;
			baseConfigurationReference = 3BC6C4313AC4017AEB18FCBF /* Pods-ColorMemoApp.release.xcconfig */;
			buildSettings = {
				ALWAYS_EMBED_SWIFT_STANDARD_LIBRARIES = "$(inherited)";
				ASSETCATALOG_COMPILER_APPICON_NAME = AppIcon;
				ASSETCATALOG_COMPILER_GLOBAL_ACCENT_COLOR_NAME = AccentColor;
				CODE_SIGN_STYLE = Automatic;
				DEVELOPMENT_TEAM = 8JEHPP3L74;
				INFOPLIST_FILE = ColorMemoApp/Info.plist;
				LD_RUNPATH_SEARCH_PATHS = (
					"$(inherited)",
					"@executable_path/Frameworks",
				);
				PRODUCT_BUNDLE_IDENTIFIER = "com.ios-academia.ColorMemoApp";
				PRODUCT_NAME = "$(TARGET_NAME)";
				SWIFT_VERSION = 5.0;
				TARGETED_DEVICE_FAMILY = "1,2";
			};
			name = Release;
		};
		3B8BCF0725634AF40028D9B0 /* Debug */ = {
			isa = XCBuildConfiguration;
			baseConfigurationReference = 7E8D17F484FD9D7EB2B45DAD /* Pods-ColorMemoAppTests.debug.xcconfig */;
			buildSettings = {
				ALWAYS_EMBED_SWIFT_STANDARD_LIBRARIES = YES;
				BUNDLE_LOADER = "$(TEST_HOST)";
				CODE_SIGN_STYLE = Automatic;
				DEVELOPMENT_TEAM = 8JEHPP3L74;
				INFOPLIST_FILE = ColorMemoAppTests/Info.plist;
				IPHONEOS_DEPLOYMENT_TARGET = 14.1;
				LD_RUNPATH_SEARCH_PATHS = (
					"$(inherited)",
					"@executable_path/Frameworks",
					"@loader_path/Frameworks",
				);
				PRODUCT_BUNDLE_IDENTIFIER = "com.ios-academia.ColorMemoAppTests";
				PRODUCT_NAME = "$(TARGET_NAME)";
				SWIFT_VERSION = 5.0;
				TARGETED_DEVICE_FAMILY = "1,2";
				TEST_HOST = "$(BUILT_PRODUCTS_DIR)/ColorMemoApp.app/ColorMemoApp";
			};
			name = Debug;
		};
		3B8BCF0825634AF40028D9B0 /* Release */ = {
			isa = XCBuildConfiguration;
			baseConfigurationReference = 9FD27D98611C1AFFF42FDE4B /* Pods-ColorMemoAppTests.release.xcconfig */;
			buildSettings = {
				ALWAYS_EMBED_SWIFT_STANDARD_LIBRARIES = YES;
				BUNDLE_LOADER = "$(TEST_HOST)";
				CODE_SIGN_STYLE = Automatic;
				DEVELOPMENT_TEAM = 8JEHPP3L74;
				INFOPLIST_FILE = ColorMemoAppTests/Info.plist;
				IPHONEOS_DEPLOYMENT_TARGET = 14.1;
				LD_RUNPATH_SEARCH_PATHS = (
					"$(inherited)",
					"@executable_path/Frameworks",
					"@loader_path/Frameworks",
				);
				PRODUCT_BUNDLE_IDENTIFIER = "com.ios-academia.ColorMemoAppTests";
				PRODUCT_NAME = "$(TARGET_NAME)";
				SWIFT_VERSION = 5.0;
				TARGETED_DEVICE_FAMILY = "1,2";
				TEST_HOST = "$(BUILT_PRODUCTS_DIR)/ColorMemoApp.app/ColorMemoApp";
			};
			name = Release;
		};
		3B8BCF0A25634AF40028D9B0 /* Debug */ = {
			isa = XCBuildConfiguration;
			baseConfigurationReference = A553B19ACE29B00AD22847C1 /* Pods-ColorMemoApp-ColorMemoAppUITests.debug.xcconfig */;
			buildSettings = {
				ALWAYS_EMBED_SWIFT_STANDARD_LIBRARIES = "$(inherited)";
				CODE_SIGN_STYLE = Automatic;
				DEVELOPMENT_TEAM = 8JEHPP3L74;
				INFOPLIST_FILE = ColorMemoAppUITests/Info.plist;
				LD_RUNPATH_SEARCH_PATHS = (
					"$(inherited)",
					"@executable_path/Frameworks",
					"@loader_path/Frameworks",
				);
				PRODUCT_BUNDLE_IDENTIFIER = "com.ios-academia.ColorMemoAppUITests";
				PRODUCT_NAME = "$(TARGET_NAME)";
				SWIFT_VERSION = 5.0;
				TARGETED_DEVICE_FAMILY = "1,2";
				TEST_TARGET_NAME = ColorMemoApp;
			};
			name = Debug;
		};
		3B8BCF0B25634AF40028D9B0 /* Release */ = {
			isa = XCBuildConfiguration;
			baseConfigurationReference = D9934FFFF3C83BCAAB7FF32B /* Pods-ColorMemoApp-ColorMemoAppUITests.release.xcconfig */;
			buildSettings = {
				ALWAYS_EMBED_SWIFT_STANDARD_LIBRARIES = "$(inherited)";
				CODE_SIGN_STYLE = Automatic;
				DEVELOPMENT_TEAM = 8JEHPP3L74;
				INFOPLIST_FILE = ColorMemoAppUITests/Info.plist;
				LD_RUNPATH_SEARCH_PATHS = (
					"$(inherited)",
					"@executable_path/Frameworks",
					"@loader_path/Frameworks",
				);
				PRODUCT_BUNDLE_IDENTIFIER = "com.ios-academia.ColorMemoAppUITests";
				PRODUCT_NAME = "$(TARGET_NAME)";
				SWIFT_VERSION = 5.0;
				TARGETED_DEVICE_FAMILY = "1,2";
				TEST_TARGET_NAME = ColorMemoApp;
			};
			name = Release;
		};
/* End XCBuildConfiguration section */

/* Begin XCConfigurationList section */
		3B8BCED425634AF30028D9B0 /* Build configuration list for PBXProject "ColorMemoApp" */ = {
			isa = XCConfigurationList;
			buildConfigurations = (
				3B8BCF0125634AF40028D9B0 /* Debug */,
				3B8BCF0225634AF40028D9B0 /* Release */,
			);
			defaultConfigurationIsVisible = 0;
			defaultConfigurationName = Release;
		};
		3B8BCF0325634AF40028D9B0 /* Build configuration list for PBXNativeTarget "ColorMemoApp" */ = {
			isa = XCConfigurationList;
			buildConfigurations = (
				3B8BCF0425634AF40028D9B0 /* Debug */,
				3B8BCF0525634AF40028D9B0 /* Release */,
			);
			defaultConfigurationIsVisible = 0;
			defaultConfigurationName = Release;
		};
		3B8BCF0625634AF40028D9B0 /* Build configuration list for PBXNativeTarget "ColorMemoAppTests" */ = {
			isa = XCConfigurationList;
			buildConfigurations = (
				3B8BCF0725634AF40028D9B0 /* Debug */,
				3B8BCF0825634AF40028D9B0 /* Release */,
			);
			defaultConfigurationIsVisible = 0;
			defaultConfigurationName = Release;
		};
		3B8BCF0925634AF40028D9B0 /* Build configuration list for PBXNativeTarget "ColorMemoAppUITests" */ = {
			isa = XCConfigurationList;
			buildConfigurations = (
				3B8BCF0A25634AF40028D9B0 /* Debug */,
				3B8BCF0B25634AF40028D9B0 /* Release */,
			);
			defaultConfigurationIsVisible = 0;
			defaultConfigurationName = Release;
		};
/* End XCConfigurationList section */
	};
	rootObject = 3B8BCED125634AF30028D9B0 /* Project object */;
}
